
Microsoft Visual Studio Solution File, Format Version 12.00
# Visual Studio Version 17
VisualStudioVersion = 17.9.34616.47
MinimumVisualStudioVersion = 10.0.40219.1
Project("{FAE04EC0-301F-11D3-BF4B-00C04F79EFBC}") = "CineMilleCodeChallenge", "CineMilleCodeChallenge\CineMilleCodeChallenge.csproj", "{F50FDE64-C00A-438B-BE2F-9A5F5BBB65D0}"
EndProject
Global
	GlobalSection(SolutionConfigurationPlatforms) = preSolution
		Debug|Any CPU = Debug|Any CPU
		Release|Any CPU = Release|Any CPU
	EndGlobalSection
	GlobalSection(ProjectConfigurationPlatforms) = postSolution
		{F50FDE64-C00A-438B-BE2F-9A5F5BBB65D0}.Debug|Any CPU.ActiveCfg = Debug|Any CPU
		{F50FDE64-C00A-438B-BE2F-9A5F5BBB65D0}.Debug|Any CPU.Build.0 = Debug|Any CPU
		{F50FDE64-C00A-438B-BE2F-9A5F5BBB65D0}.Release|Any CPU.ActiveCfg = Release|Any CPU
		{F50FDE64-C00A-438B-BE2F-9A5F5BBB65D0}.Release|Any CPU.Build.0 = Release|Any CPU
	EndGlobalSection
	GlobalSection(SolutionProperties) = preSolution
		HideSolutionNode = FALSE
	EndGlobalSection
	GlobalSection(ExtensibilityGlobals) = postSolution
		SolutionGuid = {33C15015-65A3-4A6F-A0A6-EC7D28830782}
	EndGlobalSection
EndGlobal
